
Microsoft Visual Studio Solution File, Format Version 12.00
# Visual Studio 14
VisualStudioVersion = 14.0.25420.1
MinimumVisualStudioVersion = 10.0.40219.1
Project("{FAE04EC0-301F-11D3-BF4B-00C04F79EFBC}") = "Sparcopt.PokeGo.Api", "Sparcopt.PokeGo.Api\Sparcopt.PokeGo.Api.csproj", "{7AC02588-2469-46A7-911F-3495BEA7870B}"
EndProject
Project("{FAE04EC0-301F-11D3-BF4B-00C04F79EFBC}") = "Sparcopt.PokeGo.Demo", "Sparcopt.PokeGo.Demo\Sparcopt.PokeGo.Demo.csproj", "{0F9A9AC7-0C4C-4D21-9B26-0EFF8F69B3A7}"
EndProject
Global
	GlobalSection(SolutionConfigurationPlatforms) = preSolution
		Debug|Any CPU = Debug|Any CPU
		Release|Any CPU = Release|Any CPU
	EndGlobalSection
	GlobalSection(ProjectConfigurationPlatforms) = postSolution
		{7AC02588-2469-46A7-911F-3495BEA7870B}.Debug|Any CPU.ActiveCfg = Debug|Any CPU
		{7AC02588-2469-46A7-911F-3495BEA7870B}.Debug|Any CPU.Build.0 = Debug|Any CPU
		{7AC02588-2469-46A7-911F-3495BEA7870B}.Release|Any CPU.ActiveCfg = Release|Any CPU
		{7AC02588-2469-46A7-911F-3495BEA7870B}.Release|Any CPU.Build.0 = Release|Any CPU
		{0F9A9AC7-0C4C-4D21-9B26-0EFF8F69B3A7}.Debug|Any CPU.ActiveCfg = Debug|Any CPU
		{0F9A9AC7-0C4C-4D21-9B26-0EFF8F69B3A7}.Debug|Any CPU.Build.0 = Debug|Any CPU
		{0F9A9AC7-0C4C-4D21-9B26-0EFF8F69B3A7}.Release|Any CPU.ActiveCfg = Release|Any CPU
		{0F9A9AC7-0C4C-4D21-9B26-0EFF8F69B3A7}.Release|Any CPU.Build.0 = Release|Any CPU
	EndGlobalSection
	GlobalSection(SolutionProperties) = preSolution
		HideSolutionNode = FALSE
	EndGlobalSection
EndGlobal
